
Microsoft Visual Studio Solution File, Format Version 12.00
# Visual Studio Version 16
VisualStudioVersion = 16.0.31112.23
MinimumVisualStudioVersion = 10.0.40219.1
Project("{9A19103F-16F7-4668-BE54-9A1E7A4F7556}") = "KampIntro", "KampIntro\KampIntro.csproj", "{E4E6C2DA-0496-47DC-8A8E-DD93D14A7F02}"
EndProject
Project("{9A19103F-16F7-4668-BE54-9A1E7A4F7556}") = "Collections", "Collections\Collections.csproj", "{86F99932-81E7-4247-931C-3FD15AF48FB9}"
EndProject
Project("{9A19103F-16F7-4668-BE54-9A1E7A4F7556}") = "ReferenceTypes", "ReferenceTypes\ReferenceTypes.csproj", "{0293FE94-5371-44E1-9619-FE670122E0D3}"
EndProject
Project("{9A19103F-16F7-4668-BE54-9A1E7A4F7556}") = "Constructors", "Constructors\Constructors.csproj", "{A69FB571-B880-4B5B-BF34-B94E136B9F37}"
EndProject
Project("{9A19103F-16F7-4668-BE54-9A1E7A4F7556}") = "Oop2", "Oop2\Oop2.csproj", "{0A67D653-7237-4A94-82AC-77C8A2DF02AB}"
EndProject
Project("{9A19103F-16F7-4668-BE54-9A1E7A4F7556}") = "OOP3", "OOP3\OOP3.csproj", "{FE07B8BC-293E-4251-99FF-6E023AAAC1B9}"
EndProject
Project("{FAE04EC0-301F-11D3-BF4B-00C04F79EFBC}") = "GameProject", "GameProject\GameProject.csproj", "{F331736F-44F2-454B-97D5-0794DCDF5DD4}"
EndProject
Global
	GlobalSection(SolutionConfigurationPlatforms) = preSolution
		Debug|Any CPU = Debug|Any CPU
		Release|Any CPU = Release|Any CPU
	EndGlobalSection
	GlobalSection(ProjectConfigurationPlatforms) = postSolution
		{E4E6C2DA-0496-47DC-8A8E-DD93D14A7F02}.Debug|Any CPU.ActiveCfg = Debug|Any CPU
		{E4E6C2DA-0496-47DC-8A8E-DD93D14A7F02}.Debug|Any CPU.Build.0 = Debug|Any CPU
		{E4E6C2DA-0496-47DC-8A8E-DD93D14A7F02}.Release|Any CPU.ActiveCfg = Release|Any CPU
		{E4E6C2DA-0496-47DC-8A8E-DD93D14A7F02}.Release|Any CPU.Build.0 = Release|Any CPU
		{86F99932-81E7-4247-931C-3FD15AF48FB9}.Debug|Any CPU.ActiveCfg = Debug|Any CPU
		{86F99932-81E7-4247-931C-3FD15AF48FB9}.Debug|Any CPU.Build.0 = Debug|Any CPU
		{86F99932-81E7-4247-931C-3FD15AF48FB9}.Release|Any CPU.ActiveCfg = Release|Any CPU
		{86F99932-81E7-4247-931C-3FD15AF48FB9}.Release|Any CPU.Build.0 = Release|Any CPU
		{0293FE94-5371-44E1-9619-FE670122E0D3}.Debug|Any CPU.ActiveCfg = Debug|Any CPU
		{0293FE94-5371-44E1-9619-FE670122E0D3}.Debug|Any CPU.Build.0 = Debug|Any CPU
		{0293FE94-5371-44E1-9619-FE670122E0D3}.Release|Any CPU.ActiveCfg = Release|Any CPU
		{0293FE94-5371-44E1-9619-FE670122E0D3}.Release|Any CPU.Build.0 = Release|Any CPU
		{A69FB571-B880-4B5B-BF34-B94E136B9F37}.Debug|Any CPU.ActiveCfg = Debug|Any CPU
		{A69FB571-B880-4B5B-BF34-B94E136B9F37}.Debug|Any CPU.Build.0 = Debug|Any CPU
		{A69FB571-B880-4B5B-BF34-B94E136B9F37}.Release|Any CPU.ActiveCfg = Release|Any CPU
		{A69FB571-B880-4B5B-BF34-B94E136B9F37}.Release|Any CPU.Build.0 = Release|Any CPU
		{0A67D653-7237-4A94-82AC-77C8A2DF02AB}.Debug|Any CPU.ActiveCfg = Debug|Any CPU
		{0A67D653-7237-4A94-82AC-77C8A2DF02AB}.Debug|Any CPU.Build.0 = Debug|Any CPU
		{0A67D653-7237-4A94-82AC-77C8A2DF02AB}.Release|Any CPU.ActiveCfg = Release|Any CPU
		{0A67D653-7237-4A94-82AC-77C8A2DF02AB}.Release|Any CPU.Build.0 = Release|Any CPU
		{FE07B8BC-293E-4251-99FF-6E023AAAC1B9}.Debug|Any CPU.ActiveCfg = Debug|Any CPU
		{FE07B8BC-293E-4251-99FF-6E023AAAC1B9}.Debug|Any CPU.Build.0 = Debug|Any CPU
		{FE07B8BC-293E-4251-99FF-6E023AAAC1B9}.Release|Any CPU.ActiveCfg = Release|Any CPU
		{FE07B8BC-293E-4251-99FF-6E023AAAC1B9}.Release|Any CPU.Build.0 = Release|Any CPU
		{F331736F-44F2-454B-97D5-0794DCDF5DD4}.Debug|Any CPU.ActiveCfg = Debug|Any CPU
		{F331736F-44F2-454B-97D5-0794DCDF5DD4}.Debug|Any CPU.Build.0 = Debug|Any CPU
		{F331736F-44F2-454B-97D5-0794DCDF5DD4}.Release|Any CPU.ActiveCfg = Release|Any CPU
		{F331736F-44F2-454B-97D5-0794DCDF5DD4}.Release|Any CPU.Build.0 = Release|Any CPU
	EndGlobalSection
	GlobalSection(SolutionProperties) = preSolution
		HideSolutionNode = FALSE
	EndGlobalSection
	GlobalSection(ExtensibilityGlobals) = postSolution
		SolutionGuid = {3D55E926-CB12-4C42-A432-776E2418238A}
	EndGlobalSection
EndGlobal
